Microsoft Visual Studio Solution File, Format Version 12.00
Project("{9A19103F-16F7-4668-BE54-9A1E7A4F7556}") = "SDLControllerTester", "SDLControllerTester.csproj", "{EB743142-770B-46FA-BBDC-332371F99D09}"
EndProject
Project("{9A19103F-16F7-4668-BE54-9A1E7A4F7556}") = "SDLControllerWrapper", "..\SDLControllerWrapper\SDLControllerWrapper.csproj", "{12C3470D-7A09-4991-B01D-FE4CB5AA5476}"
EndProject
Global
	GlobalSection(SolutionConfigurationPlatforms) = preSolution
		Debug|Any CPU = Debug|Any CPU
		Release|Any CPU = Release|Any CPU
	EndGlobalSection
	GlobalSection(ProjectConfigurationPlatforms) = postSolution
		{EB743142-770B-46FA-BBDC-332371F99D09}.Debug|Any CPU.ActiveCfg = Debug|Any CPU
		{EB743142-770B-46FA-BBDC-332371F99D09}.Debug|Any CPU.Build.0 = Debug|Any CPU
		{EB743142-770B-46FA-BBDC-332371F99D09}.Release|Any CPU.ActiveCfg = Release|Any CPU
		{EB743142-770B-46FA-BBDC-332371F99D09}.Release|Any CPU.Build.0 = Release|Any CPU
		{12C3470D-7A09-4991-B01D-FE4CB5AA5476}.Debug|Any CPU.ActiveCfg = Debug|Any CPU
		{12C3470D-7A09-4991-B01D-FE4CB5AA5476}.Debug|Any CPU.Build.0 = Debug|Any CPU
		{12C3470D-7A09-4991-B01D-FE4CB5AA5476}.Release|Any CPU.ActiveCfg = Release|Any CPU
		{12C3470D-7A09-4991-B01D-FE4CB5AA5476}.Release|Any CPU.Build.0 = Release|Any CPU
	EndGlobalSection
	GlobalSection(SolutionProperties) = preSolution
		HideSolutionNode = FALSE
	EndGlobalSection
	GlobalSection(ExtensibilityGlobals) = postSolution
		SolutionGuid = {BD66CB2F-60AE-4DFE-8A54-F1E7027A4AF9}
	EndGlobalSection
EndGlobal
